{
  "name": "lc3codec",
  "version": "1.0.2",
  "lockfileVersion": 2,
  "requires": true,
  "packages": {
    "": {
      "name": "lc3codec",
      "version": "1.0.2",
      "license": "BSD-3-Clause",
      "devDependencies": {
        "@types/node": "^10.17.51"
      }
    },
    "node_modules/@types/node": {
      "version": "10.17.51",
      "resolved": "https://registry.npmjs.org/@types/node/-/node-10.17.51.tgz",
      "integrity": "sha512-KANw+MkL626tq90l++hGelbl67irOJzGhUJk6a1Bt8QHOeh9tztJx+L0AqttraWKinmZn7Qi5lJZJzx45Gq0dg==",
      "dev": true
    }
  },
  "dependencies": {
    "@types/node": {
      "version": "10.17.51",
      "resolved": "https://registry.npmjs.org/@types/node/-/node-10.17.51.tgz",
      "integrity": "sha512-KANw+MkL626tq90l++hGelbl67irOJzGhUJk6a1Bt8QHOeh9tztJx+L0AqttraWKinmZn7Qi5lJZJzx45Gq0dg==",
      "dev": true
    }
  }
}
